
Microsoft Visual Studio Solution File, Format Version 12.00
# Visual Studio Version 17
VisualStudioVersion = 17.9.34321.82
MinimumVisualStudioVersion = 10.0.40219.1
Project("{9A19103F-16F7-4668-BE54-9A1E7A4F7556}") = "SyllabusMS.WPF", "SyllabusMS\SyllabusMS.WPF.csproj", "{51C32452-F2D5-4657-B2D9-72F14DBFCE80}"
EndProject
Project("{FAE04EC0-301F-11D3-BF4B-00C04F79EFBC}") = "SyllabusMS.Entity", "SyllabusMS.Entity\SyllabusMS.Entity.csproj", "{115B7E4B-6A90-4EE1-A10F-8CF6388DA69E}"
EndProject
Project("{FAE04EC0-301F-11D3-BF4B-00C04F79EFBC}") = "SyllabusMS.Business", "SyllabusMS.Business\SyllabusMS.Business.csproj", "{04D5E4BF-224B-417D-87E3-CFF96ECD430E}"
EndProject
Project("{FAE04EC0-301F-11D3-BF4B-00C04F79EFBC}") = "SyllabusMS.BaseBusiness", "SyllabusMS.BaseBusiness\SyllabusMS.BaseBusiness.csproj", "{BF2E9805-90CB-41AF-848B-F845BC7B732F}"
EndProject
Project("{FAE04EC0-301F-11D3-BF4B-00C04F79EFBC}") = "SyllabusMS.Control", "SyllabusMS.Control\SyllabusMS.Control.csproj", "{82A29B06-F27A-48E8-9513-4E8AE404BB6C}"
EndProject
Project("{FAE04EC0-301F-11D3-BF4B-00C04F79EFBC}") = "SyllabusMS.Data", "SyllabusMS.Data\SyllabusMS.Data.csproj", "{3051DD6D-EF10-476A-99CC-4E0CF01BB950}"
EndProject
Global
	GlobalSection(SolutionConfigurationPlatforms) = preSolution
		Debug|Any CPU = Debug|Any CPU
		Release|Any CPU = Release|Any CPU
	EndGlobalSection
	GlobalSection(ProjectConfigurationPlatforms) = postSolution
		{51C32452-F2D5-4657-B2D9-72F14DBFCE80}.Debug|Any CPU.ActiveCfg = Debug|Any CPU
		{51C32452-F2D5-4657-B2D9-72F14DBFCE80}.Debug|Any CPU.Build.0 = Debug|Any CPU
		{51C32452-F2D5-4657-B2D9-72F14DBFCE80}.Release|Any CPU.ActiveCfg = Release|Any CPU
		{51C32452-F2D5-4657-B2D9-72F14DBFCE80}.Release|Any CPU.Build.0 = Release|Any CPU
		{115B7E4B-6A90-4EE1-A10F-8CF6388DA69E}.Debug|Any CPU.ActiveCfg = Debug|Any CPU
		{115B7E4B-6A90-4EE1-A10F-8CF6388DA69E}.Debug|Any CPU.Build.0 = Debug|Any CPU
		{115B7E4B-6A90-4EE1-A10F-8CF6388DA69E}.Release|Any CPU.ActiveCfg = Release|Any CPU
		{115B7E4B-6A90-4EE1-A10F-8CF6388DA69E}.Release|Any CPU.Build.0 = Release|Any CPU
		{04D5E4BF-224B-417D-87E3-CFF96ECD430E}.Debug|Any CPU.ActiveCfg = Debug|Any CPU
		{04D5E4BF-224B-417D-87E3-CFF96ECD430E}.Debug|Any CPU.Build.0 = Debug|Any CPU
		{04D5E4BF-224B-417D-87E3-CFF96ECD430E}.Release|Any CPU.ActiveCfg = Release|Any CPU
		{04D5E4BF-224B-417D-87E3-CFF96ECD430E}.Release|Any CPU.Build.0 = Release|Any CPU
		{BF2E9805-90CB-41AF-848B-F845BC7B732F}.Debug|Any CPU.ActiveCfg = Debug|Any CPU
		{BF2E9805-90CB-41AF-848B-F845BC7B732F}.Debug|Any CPU.Build.0 = Debug|Any CPU
		{BF2E9805-90CB-41AF-848B-F845BC7B732F}.Release|Any CPU.ActiveCfg = Release|Any CPU
		{BF2E9805-90CB-41AF-848B-F845BC7B732F}.Release|Any CPU.Build.0 = Release|Any CPU
		{82A29B06-F27A-48E8-9513-4E8AE404BB6C}.Debug|Any CPU.ActiveCfg = Debug|Any CPU
		{82A29B06-F27A-48E8-9513-4E8AE404BB6C}.Debug|Any CPU.Build.0 = Debug|Any CPU
		{82A29B06-F27A-48E8-9513-4E8AE404BB6C}.Release|Any CPU.ActiveCfg = Release|Any CPU
		{82A29B06-F27A-48E8-9513-4E8AE404BB6C}.Release|Any CPU.Build.0 = Release|Any CPU
		{3051DD6D-EF10-476A-99CC-4E0CF01BB950}.Debug|Any CPU.ActiveCfg = Debug|Any CPU
		{3051DD6D-EF10-476A-99CC-4E0CF01BB950}.Debug|Any CPU.Build.0 = Debug|Any CPU
		{3051DD6D-EF10-476A-99CC-4E0CF01BB950}.Release|Any CPU.ActiveCfg = Release|Any CPU
		{3051DD6D-EF10-476A-99CC-4E0CF01BB950}.Release|Any CPU.Build.0 = Release|Any CPU
	EndGlobalSection
	GlobalSection(SolutionProperties) = preSolution
		HideSolutionNode = FALSE
	EndGlobalSection
	GlobalSection(ExtensibilityGlobals) = postSolution
		SolutionGuid = {5A4BF359-C7D2-48CE-81F0-C527C99991E4}
	EndGlobalSection
EndGlobal
